
Microsoft Visual Studio Solution File, Format Version 12.00
# Visual Studio Version 16
VisualStudioVersion = 16.0.30804.86
MinimumVisualStudioVersion = 10.0.40219.1
Project("{888888A0-9F3D-457C-B088-3A5042F75D52}") = "The-Lab", "The-Lab\The-Lab.pyproj", "{16795359-A17E-41D8-97F4-A2A3FB44EA79}"
EndProject
Global
	GlobalSection(SolutionConfigurationPlatforms) = preSolution
		Debug|Any CPU = Debug|Any CPU
		Release|Any CPU = Release|Any CPU
	EndGlobalSection
	GlobalSection(ProjectConfigurationPlatforms) = postSolution
		{16795359-A17E-41D8-97F4-A2A3FB44EA79}.Debug|Any CPU.ActiveCfg = Debug|Any CPU
		{16795359-A17E-41D8-97F4-A2A3FB44EA79}.Release|Any CPU.ActiveCfg = Release|Any CPU
	EndGlobalSection
	GlobalSection(SolutionProperties) = preSolution
		HideSolutionNode = FALSE
	EndGlobalSection
	GlobalSection(ExtensibilityGlobals) = postSolution
		SolutionGuid = {10FF80CC-EA42-4B82-B85F-FFEE2984D032}
	EndGlobalSection
EndGlobal
